version = 1
revision = 3
requires-python = ">=3.11"

[[package]]
name = "colorama"
version = "0.4.6"
source = { registry = "https://pypi.org/simple" }
sdist = { url = "https://files.pythonhosted.org/packages/d8/53/6f443c9a4a8358a93a6792e2acffb9d9d5cb0a5cfd8802644b7b1c9a02e4/colorama-0.4.6.tar.gz", hash = "sha256:08695f5cb7ed6e0531a20572697297273c47b8cae5a63ffc6d6ed5c201be6e44", size = 27697, upload-time = "2022-10-25T02:36:22.414Z" }
wheels = [
    { url = "https://files.pythonhosted.org/packages/d1/d6/3965ed04c63042e047cb6a3e6ed1a63a35087b6a609aa3a15ed8ac56c221/colorama-0.4.6-py2.py3-none-any.whl", hash = "sha256:4f1d9991f5acc0ca119f9d443620b77f9d6b33703e51011c16baf57afb285fc6", size = 25335, upload-time = "2022-10-25T02:36:20.889Z" },
]

[[package]]
name = "confluent-kafka"
version = "2.15.1"
source = { registry = "https://pypi.org/simple" }
sdist = { url = "https://files.pythonhosted.org/packages/44/fd/e8204b211ce0f32d4d03f9c3423b1244c2dc7fae45babbf98979c00a9e11/confluent_kafka-2.15.1.tar.gz", hash = "sha256:99d1223020e27854e75981333983c5120d64762268f8afcc805fbd62e7de49aa", size = 325065, upload-time = "2026-09-10T15:27:59.367Z" }
wheels = [
    { url = "https://files.pythonhosted.org/packages/6d/19/b74eab7df53c28dda7440abe3d9e2898b806cd14055fceae68cbb9d1808f/confluent_kafka-2.15.1-cp311-cp311-macosx_10_9_x86_64.whl", hash = "sha256:19e94f063c1d2f6a46ee56b4a33a2990bbaa879c66622c4a872e7832b26339ca", size = 4375956, upload-time = "2026-09-10T15:27:10.933Z" },
    { url = "https://files.pythonhosted.org/packages/d3/1c/ca5f19b968d115ac082a3ddd2ac1fdc5219a4789c337074404e82b53afc6/confluent_kafka-2.15.1-cp311-cp311-macosx_11_0_arm64.whl", hash = "sha256:84fd9868b825ceec3b027dabc9e40e62951eab20dc72a6b53fbfca0a584df074", size = 4346051, upload-time = "2026-09-10T15:27:12.432Z" },
    { url = "https://files.pythonhosted.org/packages/6f/d5/b01aad0c4938822b5697648e0ae5ab87729138a59fdc078b00a983aac90c/confluent_kafka-2.15.1-cp311-cp311-manylinux_2_28_aarch64.whl", hash = "sha256:3a6a11c4d19eecdf51990adfa9e05e238f500b9888253230b158370c482a60cc", size = 4989151, upload-time = "2026-09-10T15:27:13.823Z" },
    { url = "https://files.pythonhosted.org/packages/22/43/de7ba18948792e128a86236ed5c5d6e4bab6c5bfc2be1b003880afa6dcbb/confluent_kafka-2.15.1-cp311-cp311-manylinux_2_28_x86_64.whl", hash = "sha256:44b849e0b375ff4c7a2e5e7af27a48d808933b53f3a8bf8e84b5c81eef9463ec", size = 4801449, upload-time = "2026-09-10T15:27:15.443Z" },
    { url = "https://files.pythonhosted.org/packages/3d/ca/0eb8d48ecf3b241a62fba10a3ad83a95248ba53058b272a63a5be75e9c23/confluent_kafka-2.15.1-cp311-cp311-win_amd64.whl", hash = "sha256:80251e20c52e469b9bb066eca9b885d787b4be13356950a880198889cd215bfc", size = 4564958, upload-time = "2026-09-10T15:27:17.069Z" },
    { url = "https://files.pythonhosted.org/packages/c4/e6/79cc2bb61cf05f00e4b367e2aa4cb940e5eddbfa4adeb4177115791f4a7d/confluent_kafka-2.15.1-cp312-cp312-macosx_10_9_x86_64.whl", hash = "sha256:79749b23a3ad751546f9de5bae3651116cbd0df449afc86d122c80359d6453ca", size = 4381400, upload-time = "2026-09-10T15:27:18.564Z" },
    { url = "https://files.pythonhosted.org/packages/6d/6d/67e59d6807d472ad5f2ac831e735da5ffd321da98adf64cef4cc0bf5f6ed/confluent_kafka-2.15.1-cp312-cp312-macosx_11_0_arm64.whl", hash = "sha256:64fbcb0c6ee95d0baee2b238d177595c7baa8ccd74df96bea086103dfbfd254d", size = 4350483, upload-time = "2026-09-10T15:27:20.019Z" },
    { url = "https://files.pythonhosted.org/packages/25/08/8c404bb5849f98e8468b24f1f336360cc37802bb058ff750255621fea484/confluent_kafka-2.15.1-cp312-cp312-manylinux_2_28_aarch64.whl", hash = "sha256:2d2d876c83214f2651d92c557d5057be1356dd3fbb31f26d50863f610655e2fe", size = 4994340, upload-time = "2026-09-10T15:27:21.431Z" },
    { url = "https://files.pythonhosted.org/packages/d7/a3/31112ce258d74be4636e6d1f73717587e19fd311c70477ae807136f3a48c/confluent_kafka-2.15.1-cp312-cp312-manylinux_2_28_x86_64.whl", hash = "sha256:326e237f6b25587d7dc96854e3a1315979843bacbe48d76a50412f12e49328e1", size = 4806262, upload-time = "2026-09-10T15:27:22.822Z" },
    { url = "https://files.pythonhosted.org/packages/3c/b8/d07ef7c72f55c01d13de4873e86e49eb6ebd8989cb104cb982fa365d389b/confluent_kafka-2.15.1-cp312-cp312-win_amd64.whl", hash = "sha256:b6c73dcb91d5f84ed0d24b37817944f44b5d661f02ec8cc7a3c6d497c03bdc7c", size = 4565312, upload-time = "2026-09-10T15:27:24.321Z" },
    { url = "https://files.pythonhosted.org/packages/fa/c4/1e5222ab41a640c03442a112e55f3d64c1353b0bc9775f6234811e989a80/confluent_kafka-2.15.1-cp313-cp313-macosx_13_0_arm64.whl", hash = "sha256:22e848a79e7e6c208d6e227130139203462ad34c9d27e87c861cff03d3402953", size = 4355493, upload-time = "2026-09-10T15:27:26.209Z" },
    { url = "https://files.pythonhosted.org/packages/6e/5b/af7502dae0ca17f391e3c852222eb849f86e16d30607caa41e566280d598/confluent_kafka-2.15.1-cp313-cp313-macosx_13_0_x86_64.whl", hash = "sha256:8f9ffba2a799d63ed6b3c76eb497307a84fe4509b129f2d50e4e86a38925577e", size = 4385139, upload-time = "2026-09-10T15:27:27.596Z" },
    { url = "https://files.pythonhosted.org/packages/77/4d/9ee22367647259bc61ec6e2466f6cd9bb4a9d1dca36de389af6dafabcb49/confluent_kafka-2.15.1-cp313-cp313-manylinux_2_28_aarch64.whl", hash = "sha256:3d0a053129eda18e15d22a25d62888401b0843b88976ac7356c8d80150860248", size = 4994787, upload-time = "2026-09-10T15:27:29.305Z" },
    { url = "https://files.pythonhosted.org/packages/2e/43/102114edc44314b669904ce51f1473137b2830bf4862dfc6d2b1ad3fcf91/confluent_kafka-2.15.1-cp313-cp313-manylinux_2_28_x86_64.whl", hash = "sha256:4d81bff7c1f169ee674423a0f493a4cde2452d3c352e25d419023fc6133e8316", size = 4806674, upload-time = "2026-09-10T15:27:31.895Z" },
    { url = "https://files.pythonhosted.org/packages/fe/6e/f4ba9fbf64044af8e622ebf03da28696390cacb76d778f0542b7b77424db/confluent_kafka-2.15.1-cp313-cp313-win_amd64.whl", hash = "sha256:894e028a3eac45658ee4c769375b38b0792b2e2a9a737174d320b498d7f35b8e", size = 4624973, upload-time = "2026-09-10T15:27:33.707Z" },
    { url = "https://files.pythonhosted.org/packages/97/1d/7ecedad4c2b67efb795071a0baf84e0352f8e1843761912ae11859df3b93/confluent_kafka-2.15.1-cp314-cp314-macosx_13_0_arm64.whl", hash = "sha256:8e872fd5615ed4d074ddfc0f5c6cb54d4687599b2928219c50165e8738a624e5", size = 4355347, upload-time = "2026-09-10T15:27:35.307Z" },
    { url = "https://files.pythonhosted.org/packages/1f/25/a87e7bd71912435a857a9a3c240290c383f4f8808d50c272afe881907af4/confluent_kafka-2.15.1-cp314-cp314-macosx_13_0_x86_64.whl", hash = "sha256:8c24859213dd3e429ffb24fff8d80d6468068622034f7f32b23c2f8e3d9b728b", size = 4384831, upload-time = "2026-09-10T15:27:37.198Z" },
    { url = "https://files.pythonhosted.org/packages/ac/fb/51e2d0de3761b0b28031ac0b2d0e537e756fe8b6bdc4a9b8981a23c1c2ff/confluent_kafka-2.15.1-cp314-cp314-manylinux_2_28_aarch64.whl", hash = "sha256:9120aeabde16fb758cd0742baee54b8456712ded20f54e18cd5e910629e2ff31", size = 4994508, upload-time = "2026-09-10T15:27:38.805Z" },
    { url = "https://files.pythonhosted.org/packages/86/44/97231c660bade51737044eb1a0f63f5ef4c1d98077a7ef77c32c9c91be9c/confluent_kafka-2.15.1-cp314-cp314-manylinux_2_28_x86_64.whl", hash = "sha256:f1f9877521804e79d5a9a9147dc8cf0f804fc3ebced47d6170024b637197d461", size = 4806334, upload-time = "2026-09-10T15:27:40.672Z" },
    { url = "https://files.pythonhosted.org/packages/b0/fd/db44400d91a0899292a4ea582f44699d41fe90218201b984efd6fb03a3ae/confluent_kafka-2.15.1-cp314-cp314-win_amd64.whl", hash = "sha256:2122c014e61b0a7882632ec39f58f2ee32577e5a069bac28757bf0dc6eaceec0", size = 4759970, upload-time = "2026-09-10T15:27:42.573Z" },
]

[[package]]
name = "fastavro"
version = "1.12.2"
source = { registry = "https://pypi.org/simple" }
sdist = { url = "https://files.pythonhosted.org/packages/6e/5b/ccb338db71f347e3bc031d268bf6dc41e5ead63b6997b8e72af92f05e18e/fastavro-1.12.2.tar.gz", hash = "sha256:3c79502d56cf6b76210032e1c53494ddfbc73c140bccf2ef4092b3f0825323ab", size = 1030127, upload-time = "2026-04-24T14:36:01.269Z" }
wheels = [
    { url = "https://files.pythonhosted.org/packages/89/77/058f3c93348624cb695399b27f3f0c1c3d1190586065797e4a48f75d4147/fastavro-1.12.2-cp311-cp311-macosx_10_9_universal2.whl", hash = "sha256:d48cd7094598a7e9d4297e8bf4bbe0dc9dc2ba4367d83dbb603e3b3c6aa35566", size = 974559, upload-time = "2026-04-24T14:36:17.172Z" },
    { url = "https://files.pythonhosted.org/packages/a5/ef/08bbfa643addd2b98a9ce536613e2098928aa5e3ca098fd5b74f3c03b96a/fastavro-1.12.2-cp311-cp311-manylinux2014_aarch64.manylinux_2_17_aarch64.manylinux_2_28_aarch64.whl", hash = "sha256:070c6134604bd7b6fd44409406ac50445339682b2e872885db2e859f92d22e93", size = 3352777, upload-time = "2026-04-24T14:36:19.679Z" },
    { url = "https://files.pythonhosted.org/packages/d3/ec/55c11108529bdb59e635899f737651f729485ea5af36e128fb6560969c3d/fastavro-1.12.2-cp311-cp311-manylinux2014_x86_64.manylinux_2_17_x86_64.manylinux_2_28_x86_64.whl", hash = "sha256:2b73d50978d5e57416fa68461f9f3c8f39ea39e761cb1e12f919745adefe26a7", size = 3387036, upload-time = "2026-04-24T14:36:21.794Z" },
    { url = "https://files.pythonhosted.org/packages/d9/b3/4459f7c61804e9b42b49f02fba8fbbb041af76c7cab43cee4018532ecd00/fastavro-1.12.2-cp311-cp311-musllinux_1_2_aarch64.whl", hash = "sha256:c57a9920400166398695d92580eca21fd7a79f3c67d691ac7e20a7d1b5300735", size = 3284780, upload-time = "2026-04-24T14:36:24.193Z" },
    { url = "https://files.pythonhosted.org/packages/5d/e3/d7f510b9b8c7b73409a6232a9a8d282faa8560f85d024d7212e4c5dff3df/fastavro-1.12.2-cp311-cp311-musllinux_1_2_x86_64.whl", hash = "sha256:81f6108f3ac292fb6cd05758c9e531389d8fc5e94e8c949b9298f4fb0a239662", size = 3368557, upload-time = "2026-04-24T14:36:26.667Z" },
    { url = "https://files.pythonhosted.org/packages/cb/10/14fa0abf8e7da07258393ae2b783dd4bb60d1fb93ad790296d27561f33ce/fastavro-1.12.2-cp311-cp311-win_amd64.whl", hash = "sha256:eec44256856fd59d29d1f1d0950ace18a58e4228e7d49de5d5e1b1875b227dde", size = 446499, upload-time = "2026-04-24T14:36:28.547Z" },
    { url = "https://files.pythonhosted.org/packages/86/d2/c36f646296794c05d29a07bec84a6c56bfd285203e389a8954987ec1c515/fastavro-1.12.2-cp311-cp311-win_arm64.whl", hash = "sha256:ecd1b23ea7f9af09c865ac8503d07afd7e6bf782d76bb83cbbdba15b7a0db807", size = 388198, upload-time = "2026-04-24T14:36:29.791Z" },
    { url = "https://files.pythonhosted.org/packages/0e/bc/fe5731d6724d978694fbd3196bc1c0d7cab3fd0766e9551c40c39f798b52/fastavro-1.12.2-cp312-cp312-macosx_10_13_universal2.whl", hash = "sha256:0e331896e8efffc72fa03e63b87ebfc37960113127da8e0f5152d91664ffed68", size = 964331, upload-time = "2026-04-24T14:36:31.297Z" },
    { url = "https://files.pythonhosted.org/packages/98/36/50abf1145e4f1c4f418cd4b5f2ac806643d0b14e360b60e953826edf1b34/fastavro-1.12.2-cp312-cp312-manylinux2014_aarch64.manylinux_2_17_aarch64.manylinux_2_28_aarch64.whl", hash = "sha256:7f01ebaada59d74fdf6d28e5031a961a413b3752e9edb0c03866fa18480cf4c8", size = 3340170, upload-time = "2026-04-24T14:36:33.364Z" },
    { url = "https://files.pythonhosted.org/packages/fc/8c/76ef4641e6c1c1aa3e6bb3c9efb5533ffda5dd975c8b5ae54e794322d9e3/fastavro-1.12.2-cp312-cp312-manylinux2014_x86_64.manylinux_2_17_x86_64.manylinux_2_28_x86_64.whl", hash = "sha256:25ef6855935f67582740ffa6bb978e40ec51be876117a3555c36fa2488dcdf25", size = 3425061, upload-time = "2026-04-24T14:36:35.497Z" },
    { url = "https://files.pythonhosted.org/packages/31/10/379ff23425b2b470d5209cbc6736a6e5cbc34392ff17bb7355b8fd4aa0ca/fastavro-1.12.2-cp312-cp312-musllinux_1_2_aarch64.whl", hash = "sha256:84a4f76a0aece0aa72b5ed8162ba2ff8c78908b8361b5a5d92ddd161977ccb74", size = 3243618, upload-time = "2026-04-24T14:36:37.969Z" },
    { url = "https://files.pythonhosted.org/packages/88/29/4c8f9e7cd78f932f0d82823899e67a6d7f7e8f2524992db03956f9d9f5ef/fastavro-1.12.2-cp312-cp312-musllinux_1_2_x86_64.whl", hash = "sha256:81e8da77d201916f6771fc357fda8267c2a256d7aa11923d43bc5f2fc155878b", size = 3378427, upload-time = "2026-04-24T14:36:40.278Z" },
    { url = "https://files.pythonhosted.org/packages/e2/a1/eafeb302aaaea6055d4a9c11272b4aeaf713e43fe8eaf782f43a1fee2b44/fastavro-1.12.2-cp312-cp312-win_amd64.whl", hash = "sha256:1924349c74666c89417bd5cc2749f598e2f15f1d56ee81428b2317ab02c88aae", size = 441077, upload-time = "2026-04-24T14:36:41.791Z" },
    { url = "https://files.pythonhosted.org/packages/56/9d/67e831041ba8efc16265c65bd71ba92e1095bba19b91be99e102f19d9be6/fastavro-1.12.2-cp312-cp312-win_arm64.whl", hash = "sha256:4c346cf449baf3b113e997c34151ad205e7135bc429469b005b180ade7e65e28", size = 378205, upload-time = "2026-04-24T14:36:43.679Z" },
    { url = "https://files.pythonhosted.org/packages/83/39/f489a441d41cc9c0a8449fb1325d7a9c9eb57a5634e6ab19dfb0a1105324/fastavro-1.12.2-cp313-cp313-macosx_10_13_universal2.whl", hash = "sha256:57bb6b908cb2e05baab63b04c3a31be3b4545a10bfab9748b8763016b5256704", size = 958566, upload-time = "2026-04-24T14:36:45.49Z" },
    { url = "https://files.pythonhosted.org/packages/31/69/776cc025aee2d02acacb734cf690d2fbc295eaadde1b5d47caf8c77a6a2b/fastavro-1.12.2-cp313-cp313-manylinux2014_aarch64.manylinux_2_17_aarch64.manylinux_2_28_aarch64.whl", hash = "sha256:3a007f95cc682f56e6d83f1d17c29c00bf719d6fe8e003282b535af3a1ba09c0", size = 3276390, upload-time = "2026-04-24T14:36:47.875Z" },
    { url = "https://files.pythonhosted.org/packages/8c/bc/b7e15fa788f42cbe65827af2ec06c9ad91bb9f72c213110dbef61b53a5b0/fastavro-1.12.2-cp313-cp313-manylinux2014_x86_64.manylinux_2_17_x86_64.manylinux_2_28_x86_64.whl", hash = "sha256:5e90460b0cd21f62be3cb26087e706e2cebb7b3fcef9e05b4473b61bb0415b5e", size = 3372779, upload-time = "2026-04-24T14:36:50.122Z" },
    { url = "https://files.pythonhosted.org/packages/79/c2/98993ca810231fc1397212f48c3d46626983722a24bbaaa5c27ee0963751/fastavro-1.12.2-cp313-cp313-musllinux_1_2_aarch64.whl", hash = "sha256:7ccd15966b8218d41b06ec3e7c2556be89a8a693026c771e6564d2e40bbaf8ea", size = 3187591, upload-time = "2026-04-24T14:36:52.451Z" },
    { url = "https://files.pythonhosted.org/packages/c6/bb/c180f340eba6478f1b20deccdd17e2b4a4d5074dafd812e3c4254fd035f7/fastavro-1.12.2-cp313-cp313-musllinux_1_2_x86_64.whl", hash = "sha256:06b6971d3dae10cb34353b857d16ad21ebd6f0ea394e86c96abdcad109005d6e", size = 3320589, upload-time = "2026-04-24T14:36:54.647Z" },
    { url = "https://files.pythonhosted.org/packages/4d/e9/aca0456216b5b8992e7b0a8542711b66799c05bfe24c8e32ef6f56e7eb93/fastavro-1.12.2-cp313-cp313-win_amd64.whl", hash = "sha256:98dfcdfaf1498ae2f0e2fafe900a82e8320cc81d8ae5a95b8b8879eaa3298c39", size = 440883, upload-time = "2026-04-24T14:36:56.585Z" },
    { url = "https://files.pythonhosted.org/packages/e3/7e/984896e716af504927be71b80a1e9661aa96c6f9e1e777d52823aacb99f2/fastavro-1.12.2-cp313-cp313-win_arm64.whl", hash = "sha256:3888ef7a51adc77cdf07251bc762566a1be36211e1cff689f13980f3776a2f36", size = 377536, upload-time = "2026-04-24T14:36:58.274Z" },
    { url = "https://files.pythonhosted.org/packages/e9/42/09a1e1f8d9998d73848a6ff0aad6713ae6abf0dbf99918776f8ef33344a7/fastavro-1.12.2-cp313-cp313t-macosx_10_13_universal2.whl", hash = "sha256:283dcd3129b632021894425974bedd0eb6db3bbf5994e448ccad10db4d803d31", size = 1049506, upload-time = "2026-04-24T14:36:59.797Z" },
    { url = "https://files.pythonhosted.org/packages/52/ef/80cc16f43919d532f25a707f34b275cccc09dca87a05b000fbbfc8e8f255/fastavro-1.12.2-cp313-cp313t-manylinux2014_aarch64.manylinux_2_17_aarch64.manylinux_2_28_aarch64.whl", hash = "sha256:2d125e210d5a0a1f701f12c0ecad9a03f1b04b5eddbce6ca36a1fc217da977ef", size = 3495899, upload-time = "2026-04-24T14:37:02.306Z" },
    { url = "https://files.pythonhosted.org/packages/c1/54/a0817d1d0236e9e0233f5c996f450cc795b056b8e06edb531f24b9df82ed/fastavro-1.12.2-cp313-cp313t-manylinux2014_x86_64.manylinux_2_17_x86_64.manylinux_2_28_x86_64.whl", hash = "sha256:2d4d66afad78e8f47feaa307728a6b71fe3effc63ba2b9eeb109ee687c9bd397", size = 3399232, upload-time = "2026-04-24T14:37:04.837Z" },
    { url = "https://files.pythonhosted.org/packages/38/0a/650f256c15f5875b6081544b9ba7ed8254329213e7e49e3db0aec68b5bee/fastavro-1.12.2-cp313-cp313t-musllinux_1_2_aarch64.whl", hash = "sha256:2328ec07925c04c89719e3971c9068a165c7fd474ea87675b1204de0440e71ff", size = 3320222, upload-time = "2026-04-24T14:37:07.281Z" },
    { url = "https://files.pythonhosted.org/packages/f5/54/8351d388f94fbb0870e8cffaae41d3cc607acc8d6a8a6a217e2794829593/fastavro-1.12.2-cp313-cp313t-musllinux_1_2_x86_64.whl", hash = "sha256:55dea7e74b834d4b70467fc19c5b9ccb5509fe39abc4d26891187c1b22176423", size = 3337096, upload-time = "2026-04-24T14:37:09.452Z" },
    { url = "https://files.pythonhosted.org/packages/da/eb/b36ba9a88826e8c272df02e2f8b5da717e88b6eb508fddca3ca450043731/fastavro-1.12.2-cp314-cp314-macosx_10_15_universal2.whl", hash = "sha256:8d37c87826ae7195cfbd20fcd448801f2f563bb38f2691ec6574e39cb9eca6c8", size = 963119, upload-time = "2026-04-24T14:37:11.557Z" },
    { url = "https://files.pythonhosted.org/packages/e1/02/3d7f540fb26ba4ea1f4ebd2783c586614da9ac00906a3092e92fd3f104a2/fastavro-1.12.2-cp314-cp314-manylinux2014_aarch64.manylinux_2_17_aarch64.manylinux_2_28_aarch64.whl", hash = "sha256:4c463a3701f293e30d3d62e71e1989f112028d07f87432baf4507eeb57ec3831", size = 3266238, upload-time = "2026-04-24T14:37:13.84Z" },
    { url = "https://files.pythonhosted.org/packages/4c/0b/b77be56c5109da0fc7dcfd7e6b6752fe0a61d0a5c58c6a65e38b4501946a/fastavro-1.12.2-cp314-cp314-manylinux2014_x86_64.manylinux_2_17_x86_64.manylinux_2_28_x86_64.whl", hash = "sha256:f604ba83498e209fff4c7ecc5063a39421dc538dace694bc592f9f338254f3dc", size = 3324020, upload-time = "2026-04-24T14:37:16.096Z" },
    { url = "https://files.pythonhosted.org/packages/e7/6e/951d41f244107e91bf2f59245b71783c03eaab4bdbc960d58316c19652bb/fastavro-1.12.2-cp314-cp314-musllinux_1_2_aarch64.whl", hash = "sha256:bfac2dada8ddc002e8b7d8289d6fad4f070bc1fec20371cec684a7d10d932e96", size = 3170160, upload-time = "2026-04-24T14:37:18.168Z" },
    { url = "https://files.pythonhosted.org/packages/94/6f/2adb571fda448d4afd2466e1cef2963fefdc6b37847da05249983e415f17/fastavro-1.12.2-cp314-cp314-musllinux_1_2_x86_64.whl", hash = "sha256:bc44ba6289fb1f5ee318335958dde6ad6d742dcb4bb8930de843e9024c64b68c", size = 3281842, upload-time = "2026-04-24T14:37:20.833Z" },
    { url = "https://files.pythonhosted.org/packages/17/07/4bad2e96c4c6bae40253be2573cc09c1e5b9ccf821e1ff74e0d33b64bf90/fastavro-1.12.2-cp314-cp314-win_amd64.whl", hash = "sha256:a475418f71c5aed69899813ecccf392429c08c3a63df3030129db71760b0db8f", size = 450903, upload-time = "2026-04-24T14:37:23.059Z" },
    { url = "https://files.pythonhosted.org/packages/5b/b7/180f67ba9a46ba23a1ff6432f48d3087d4f2048579ecc262b00426cb1c63/fastavro-1.12.2-cp314-cp314-win_arm64.whl", hash = "sha256:daec9f9655a1d4636613c47d6d3343f6e039150d66cdce62543e20ca36612a8a", size = 391076, upload-time = "2026-04-24T14:37:24.756Z" },
    { url = "https://files.pythonhosted.org/packages/dd/8f/18f60329b627d2118a4a2b19e8741fbd807d60bf0470554e1bbfb7f1bca3/fastavro-1.12.2-cp314-cp314t-macosx_10_15_universal2.whl", hash = "sha256:57594b72cf663bbd0f3ad8a319a999fc3d7c71065a6799b2c1d1a6a137894c5b", size = 1055430, upload-time = "2026-05-09T21:53:14.364Z" },
    { url = "https://files.pythonhosted.org/packages/d2/ac/a1fa1fc29df0efc89d4946a743b09bdc9500591b5b92083eaf8e93664916/fastavro-1.12.2-cp314-cp314t-manylinux2014_aarch64.manylinux_2_17_aarch64.manylinux_2_28_aarch64.whl", hash = "sha256:74412132bbfb153cbf704517f2c89f7d3e170feb681b13bceace690f66f8d5fa", size = 3503075, upload-time = "2026-04-24T14:37:26.826Z" },
    { url = "https://files.pythonhosted.org/packages/82/bf/4f669e10b6bc38a731ee3400aed1a1e2d0a3e3cf411e72f6b320d3af0eaf/fastavro-1.12.2-cp314-cp314t-manylinux2014_x86_64.manylinux_2_17_x86_64.manylinux_2_28_x86_64.whl", hash = "sha256:e367a84c9133018e0a3bc822abe78d7f1f9a6092991a0ec409468cf4ef260282", size = 3410900, upload-time = "2026-04-24T14:37:29.233Z" },
    { url = "https://files.pythonhosted.org/packages/10/39/ecb19fdae4158a7730b5963fbf1b6d38d74678392d73083be518642af0c1/fastavro-1.12.2-cp314-cp314t-musllinux_1_2_aarch64.whl", hash = "sha256:044fafca0853e9ae14009de7763ac9e8e8f8b96f8a4e90bd58b695443266a370", size = 3335637, upload-time = "2026-04-24T14:37:31.472Z" },
    { url = "https://files.pythonhosted.org/packages/32/f1/f21bd5319113e89ceceed2df840df21e9c5150d181db74b6ba80400f9f48/fastavro-1.12.2-cp314-cp314t-musllinux_1_2_x86_64.whl", hash = "sha256:afede7324822800e4f90e96b9514188a237a60f35e8e7a10b2129c10c78f6e4d", size = 3356664, upload-time = "2026-04-24T14:37:34.231Z" },
]

[[package]]
name = "iniconfig"
version = "2.3.0"
source = { registry = "https://pypi.org/simple" }
sdist = { url = "https://files.pythonhosted.org/packages/72/34/14ca021ce8e5dfedc35312d08ba8bf51fdd999c576889fc2c24cb97f4f10/iniconfig-2.3.0.tar.gz", hash = "sha256:c76315c77db068650d49c5b56314774a7804df16fee4402c1f19d6d15d8c4730", size = 20503, upload-time = "2025-10-18T21:55:43.219Z" }
wheels = [
    { url = "https://files.pythonhosted.org/packages/cb/b1/3846dd7f199d53cb17f49cba7e651e9ce294d8497c8c150530ed11865bb8/iniconfig-2.3.0-py3-none-any.whl", hash = "sha256:f631c04d2c48c52b84d0d0549c99ff3859c98df65b3101406327ecc7d53fbf12", size = 7484, upload-time = "2025-10-18T21:55:41.639Z" },
]

[[package]]
name = "kitchen-to-digital"
version = "0.1.0"
source = { virtual = "." }
dependencies = [
    { name = "confluent-kafka" },
    { name = "fastavro" },
]

[package.dev-dependencies]
dev = [
    { name = "pytest" },
]

[package.metadata]
requires-dist = [
    { name = "confluent-kafka", specifier = ">=2.15.1" },
    { name = "fastavro", specifier = ">=1.12.2" },
]

[package.metadata.requires-dev]
dev = [{ name = "pytest", specifier = ">=9.1.1" }]

[[package]]
name = "packaging"
version = "26.3"
source = { registry = "https://pypi.org/simple" }
sdist = { url = "https://files.pythonhosted.org/packages/7d/fa/3944b40b07da9ce895c0e6303a5ab7d53da063554f534556b134a54d6093/packaging-26.3.tar.gz", hash = "sha256:94edc256424af38762eb31306eed28beb9f0efc50a8837492c9d6fd6004aed79", size = 313412, upload-time = "2026-08-04T18:15:28.737Z" }
wheels = [
    { url = "https://files.pythonhosted.org/packages/63/34/ba1c580383c9eada3711951fef0795c80b829a078d72188184bcab9dd527/packaging-26.3-py3-none-any.whl", hash = "sha256:d7193f7c8e4e93f444fde0262bf90af30e16fa0ad0ad44cb553c87339b23cd1c", size = 129956, upload-time = "2026-08-04T18:15:27.159Z" },
]

[[package]]
name = "pluggy"
version = "1.6.0"
source = { registry = "https://pypi.org/simple" }
sdist = { url = "https://files.pythonhosted.org/packages/f9/e2/3e91f31a7d2b083fe6ef3fa267035b518369d9511ffab804f839851d2779/pluggy-1.6.0.tar.gz", hash = "sha256:7dcc130b76258d33b90f61b658791dede3486c3e6bfb003ee5c9bfb396dd22f3", size = 69412, upload-time = "2025-05-15T12:30:07.975Z" }
wheels = [
    { url = "https://files.pythonhosted.org/packages/54/20/4d324d65cc6d9205fabedc306948156824eb9f0ee1633355a8f7ec5c66bf/pluggy-1.6.0-py3-none-any.whl", hash = "sha256:e920276dd6813095e9377c0bc5566d94c932c33b27a3e3945d8389c374dd4746", size = 20538, upload-time = "2025-05-15T12:30:06.134Z" },
]

[[package]]
name = "pygments"
version = "2.21.0"
source = { registry = "https://pypi.org/simple" }
sdist = { url = "https://files.pythonhosted.org/packages/49/2e/ced460408999b33da6b31b0021b0f37d329e202d4169aeb164493778f25b/pygments-2.21.0.tar.gz", hash = "sha256:610ca751c9bc2492b38eb9a38a7fbc93edbbb2d7182edaf34e66ae493dee5c8c", size = 5005329, upload-time = "2026-08-17T08:02:48.824Z" }
wheels = [
    { url = "https://files.pythonhosted.org/packages/71/46/17f022dd3e953bf20a04a028a21ec746d942f8d2af30fa0f124fa0e6a684/pygments-2.21.0-py3-none-any.whl", hash = "sha256:2363c69b61c4a97c838da3b130dcd6468f4848992b21a82f2a63ec34377137d9", size = 1250147, upload-time = "2026-08-17T08:02:44.912Z" },
]

[[package]]
name = "pytest"
version = "9.1.1"
source = { registry = "https://pypi.org/simple" }
dependencies = [
    { name = "colorama", marker = "sys_platform == 'win32'" },
    { name = "iniconfig" },
    { name = "packaging" },
    { name = "pluggy" },
    { name = "pygments" },
]
sdist = { url = "https://files.pythonhosted.org/packages/e4/47/b9efed96c114afcfa3c9d3fe98a76a1d14c74a9e266d397cf6eb64be5e01/pytest-9.1.1.tar.gz", hash = "sha256:1088fbde8f2b49d95a549a195707afa7a76a3ce9bcadc26b6d71f0ffda5fe313", size = 1636369, upload-time = "2026-06-19T10:58:32.857Z" }
wheels = [
    { url = "https://files.pythonhosted.org/packages/24/25/1de2678b631f5a49215c6c96fff41ba892b0a34df68d6d80292b1b48aa7f/pytest-9.1.1-py3-none-any.whl", hash = "sha256:37a86b45efb9a47a61a36449063e8e18d0cab3161329fc099eb21783169c4f0c", size = 386536, upload-time = "2026-06-19T10:58:31.347Z" },
]
